// !$*UTF8*$!
{
	archiveVersion = 1;
	classes = {
	};
	objectVersion = 50;
	objects = {

/* Begin PBXBuildFile section */
		B78B42B32346D28A00CE6937 /* AppDelegate.swift in Sources */ = {isa = PBXBuildFile; fileRef = B78B42B22346D28A00CE6937 /* AppDelegate.swift */; };
		B78B42B52346D28A00CE6937 /* SceneDelegate.swift in Sources */ = {isa = PBXBuildFile; fileRef = B78B42B42346D28A00CE6937 /* SceneDelegate.swift */; };
		B78B42B72346D28A00CE6937 /* ViewController.swift in Sources */ = {isa = PBXBuildFile; fileRef = B78B42B62346D28A00CE6937 /* ViewController.swift */; };
		B78B42BA2346D28B00CE6937 /* Main.storyboard in Resources */ = {isa = PBXBuildFile; fileRef = B78B42B82346D28B00CE6937 /* Main.storyboard */; };
		B78B42BD2346D28B00CE6937 /* DataStorage.xcdatamodeld in Sources */ = {isa = PBXBuildFile; fileRef = B78B42BB2346D28B00CE6937 /* DataStorage.xcdatamodeld */; };
		B78B42BF2346D28C00CE6937 /* Assets.xcassets in Resources */ = {isa = PBXBuildFile; fileRef = B78B42BE2346D28C00CE6937 /* Assets.xcassets */; };
		B78B42C22346D28C00CE6937 /* LaunchScreen.storyboard in Resources */ = {isa = PBXBuildFile; fileRef = B78B42C02346D28C00CE6937 /* LaunchScreen.storyboard */; };
		B78B42CB2346D49300CE6937 /* Person+CoreDataClass.swift in Sources */ = {isa = PBXBuildFile; fileRef = B78B42C92346D49300CE6937 /* Person+CoreDataClass.swift */; };
		B78B42CC2346D49300CE6937 /* Person+CoreDataProperties.swift in Sources */ = {isa = PBXBuildFile; fileRef = B78B42CA2346D49300CE6937 /* Person+CoreDataProperties.swift */; };
/* End PBXBuildFile section */

/* Begin PBXFileReference section */
		B78B42AF2346D28A00CE6937 /* DataStorage.app */ = {isa = PBXFileReference; explicitFileType = wrapper.application; includeInIndex = 0; path = DataStorage.app; sourceTree = BUILT_PRODUCTS_DIR; };
		B78B42B22346D28A00CE6937 /* AppDelegate.swift */ = {isa = PBXFileReference; lastKnownFileType = sourcecode.swift; path = AppDelegate.swift; sourceTree = "<group>"; };
		B78B42B42346D28A00CE6937 /* SceneDelegate.swift */ = {isa = PBXFileReference; lastKnownFileType = sourcecode.swift; path = SceneDelegate.swift; sourceTree = "<group>"; };
		B78B42B62346D28A00CE6937 /* ViewController.swift */ = {isa = PBXFileReference; lastKnownFileType = sourcecode.swift; path = ViewController.swift; sourceTree = "<group>"; };
		B78B42B92346D28B00CE6937 /* Base */ = {isa = PBXFileReference; lastKnownFileType = file.storyboard; name = Base; path = Base.lproj/Main.storyboard; sourceTree = "<group>"; };
		B78B42BC2346D28B00CE6937 /* DataStorage.xcdatamodel */ = {isa = PBXFileReference; lastKnownFileType = wrapper.xcdatamodel; path = DataStorage.xcdatamodel; sourceTree = "<group>"; };
		B78B42BE2346D28C00CE6937 /* Assets.xcassets */ = {isa = PBXFileReference; lastKnownFileType = folder.assetcatalog; path = Assets.xcassets; sourceTree = "<group>"; };
		B78B42C12346D28C00CE6937 /* Base */ = {isa = PBXFileReference; lastKnownFileType = file.storyboard; name = Base; path = Base.lproj/LaunchScreen.storyboard; sourceTree = "<group>"; };
		B78B42C32346D28C00CE6937 /* Info.plist */ = {isa = PBXFileReference; lastKnownFileType = text.plist.xml; path = Info.plist; sourceTree = "<group>"; };
		B78B42C92346D49300CE6937 /* Person+CoreDataClass.swift */ = {isa = PBXFileReference; lastKnownFileType = sourcecode.swift; name = "Person+CoreDataClass.swift"; path = "DataStorage/Person+CoreDataClass.swift"; sourceTree = "<group>"; };
		B78B42CA2346D49300CE6937 /* Person+CoreDataProperties.swift */ = {isa = PBXFileReference; lastKnownFileType = sourcecode.swift; name = "Person+CoreDataProperties.swift"; path = "DataStorage/Person+CoreDataProperties.swift"; sourceTree = "<group>"; };
/* End PBXFileReference section */

/* Begin PBXFrameworksBuildPhase section */
		B78B42AC2346D28A00CE6937 /* Frameworks */ = {
			isa = PBXFrameworksBuildPhase;
			buildActionMask = 2147483647;
			files = (
			);
			runOnlyForDeploymentPostprocessing = 0;
		};
/* End PBXFrameworksBuildPhase section */

/* Begin PBXGroup section */
		B78B42A62346D28A00CE6937 = {
			isa = PBXGroup;
			children = (
				B78B42C92346D49300CE6937 /* Person+CoreDataClass.swift */,
				B78B42CA2346D49300CE6937 /* Person+CoreDataProperties.swift */,
				B78B42B12346D28A00CE6937 /* DataStorage */,
				B78B42B02346D28A00CE6937 /* Products */,
			);
			sourceTree = "<group>";
		};
		B78B42B02346D28A00CE6937 /* Products */ = {
			isa = PBXGroup;
			children = (
				B78B42AF2346D28A00CE6937 /* DataStorage.app */,
			);
			name = Products;
			sourceTree = "<group>";
		};
		B78B42B12346D28A00CE6937 /* DataStorage */ = {
			isa = PBXGroup;
			children = (
				B78B42B22346D28A00CE6937 /* AppDelegate.swift */,
				B78B42B42346D28A00CE6937 /* SceneDelegate.swift */,
				B78B42B62346D28A00CE6937 /* ViewController.swift */,
				B78B42B82346D28B00CE6937 /* Main.storyboard */,
				B78B42BE2346D28C00CE6937 /* Assets.xcassets */,
				B78B42C02346D28C00CE6937 /* LaunchScreen.storyboard */,
				B78B42C32346D28C00CE6937 /* Info.plist */,
				B78B42BB2346D28B00CE6937 /* DataStorage.xcdatamodeld */,
			);
			path = DataStorage;
			sourceTree = "<group>";
		};
/* End PBXGroup section */

/* Begin PBXNativeTarget section */
		B78B42AE2346D28A00CE6937 /* DataStorage */ = {
			isa = PBXNativeTarget;
			buildConfigurationList = B78B42C62346D28C00CE6937 /* Build configuration list for PBXNativeTarget "DataStorage" */;
			buildPhases = (
				B78B42AB2346D28A00CE6937 /* Sources */,
				B78B42AC2346D28A00CE6937 /* Frameworks */,
				B78B42AD2346D28A00CE6937 /* Resources */,
			);
			buildRules = (
			);
			dependencies = (
			);
			name = DataStorage;
			productName = DataStorage;
			productReference = B78B42AF2346D28A00CE6937 /* DataStorage.app */;
			productType = "com.apple.product-type.application";
		};
/* End PBXNativeTarget section */

/* Begin PBXProject section */
		B78B42A72346D28A00CE6937 /* Project object */ = {
			isa = PBXProject;
			attributes = {
				LastSwiftUpdateCheck = 1100;
				LastUpgradeCheck = 1100;
				ORGANIZATIONNAME = "Boise State";
				TargetAttributes = {
					B78B42AE2346D28A00CE6937 = {
						CreatedOnToolsVersion = 11.0;
					};
				};
			};
			buildConfigurationList = B78B42AA2346D28A00CE6937 /* Build configuration list for PBXProject "DataStorage" */;
			compatibilityVersion = "Xcode 9.3";
			developmentRegion = en;
			hasScannedForEncodings = 0;
			knownRegions = (
				en,
				Base,
			);
			mainGroup = B78B42A62346D28A00CE6937;
			productRefGroup = B78B42B02346D28A00CE6937 /* Products */;
			projectDirPath = "";
			projectRoot = "";
			targets = (
				B78B42AE2346D28A00CE6937 /* DataStorage */,
			);
		};
/* End PBXProject section */

/* Begin PBXResourcesBuildPhase section */
		B78B42AD2346D28A00CE6937 /* Resources */ = {
			isa = PBXResourcesBuildPhase;
			buildActionMask = 2147483647;
			files = (
				B78B42C22346D28C00CE6937 /* LaunchScreen.storyboard in Resources */,
				B78B42BF2346D28C00CE6937 /* Assets.xcassets in Resources */,
				B78B42BA2346D28B00CE6937 /* Main.storyboard in Resources */,
			);
			runOnlyForDeploymentPostprocessing = 0;
		};
/* End PBXResourcesBuildPhase section */

/* Begin PBXSourcesBuildPhase section */
		B78B42AB2346D28A00CE6937 /* Sources */ = {
			isa = PBXSourcesBuildPhase;
			buildActionMask = 2147483647;
			files = (
				B78B42B72346D28A00CE6937 /* ViewController.swift in Sources */,
				B78B42B32346D28A00CE6937 /* AppDelegate.swift in Sources */,
				B78B42CC2346D49300CE6937 /* Person+CoreDataProperties.swift in Sources */,
				B78B42CB2346D49300CE6937 /* Person+CoreDataClass.swift in Sources */,
				B78B42B52346D28A00CE6937 /* SceneDelegate.swift in Sources */,
				B78B42BD2346D28B00CE6937 /* DataStorage.xcdatamodeld in Sources */,
			);
			runOnlyForDeploymentPostprocessing = 0;
		};
/* End PBXSourcesBuildPhase section */

/* Begin PBXVariantGroup section */
		B78B42B82346D28B00CE6937 /* Main.storyboard */ = {
			isa = PBXVariantGroup;
			children = (
				B78B42B92346D28B00CE6937 /* Base */,
			);
			name = Main.storyboard;
			sourceTree = "<group>";
		};
		B78B42C02346D28C00CE6937 /* LaunchScreen.storyboard */ = {
			isa = PBXVariantGroup;
			children = (
				B78B42C12346D28C00CE6937 /* Base */,
			);
			name = LaunchScreen.storyboard;
			sourceTree = "<group>";
		};
/* End PBXVariantGroup section */

/* Begin XCBuildConfiguration section */
		B78B42C42346D28C00CE6937 /* Debug */ = {
			isa = XCBuildConfiguration;
			buildSettings = {
				ALWAYS_SEARCH_USER_PATHS = NO;
				CLANG_ANALYZER_NONNULL = YES;
				CLANG_ANALYZER_NUMBER_OBJECT_CONVERSION = YES_AGGRESSIVE;
				CLANG_CXX_LANGUAGE_STANDARD = "gnu++14";
				CLANG_CXX_LIBRARY = "libc++";
				CLANG_ENABLE_MODULES = YES;
				CLANG_ENABLE_OBJC_ARC = YES;
				CLANG_ENABLE_OBJC_WEAK = YES;
				CLANG_WARN_BLOCK_CAPTURE_AUTORELEASING = YES;
				CLANG_WARN_BOOL_CONVERSION = YES;
				CLANG_WARN_COMMA = YES;
				CLANG_WARN_CONSTANT_CONVERSION = YES;
				CLANG_WARN_DEPRECATED_OBJC_IMPLEMENTATIONS = YES;
				CLANG_WARN_DIRECT_OBJC_ISA_USAGE = YES_ERROR;
				CLANG_WARN_DOCUMENTATION_COMMENTS = YES;
				CLANG_WARN_EMPTY_BODY = YES;
				CLANG_WARN_ENUM_CONVERSION = YES;
				CLANG_WARN_INFINITE_RECURSION = YES;
				CLANG_WARN_INT_CONVERSION = YES;
				CLANG_WARN_NON_LITERAL_NULL_CONVERSION = YES;
				CLANG_WARN_OBJC_IMPLICIT_RETAIN_SELF = YES;
				CLANG_WARN_OBJC_LITERAL_CONVERSION = YES;
				CLANG_WARN_OBJC_ROOT_CLASS = YES_ERROR;
				CLANG_WARN_RANGE_LOOP_ANALYSIS = YES;
				CLANG_WARN_STRICT_PROTOTYPES = YES;
				CLANG_WARN_SUSPICIOUS_MOVE = YES;
				CLANG_WARN_UNGUARDED_AVAILABILITY = YES_AGGRESSIVE;
				CLANG_WARN_UNREACHABLE_CODE = YES;
				CLANG_WARN__DUPLICATE_METHOD_MATCH = YES;
				COPY_PHASE_STRIP = NO;
				DEBUG_INFORMATION_FORMAT = dwarf;
				ENABLE_STRICT_OBJC_MSGSEND = YES;
				ENABLE_TESTABILITY = YES;
				GCC_C_LANGUAGE_STANDARD = gnu11;
				GCC_DYNAMIC_NO_PIC = NO;
				GCC_NO_COMMON_BLOCKS = YES;
				GCC_OPTIMIZATION_LEVEL = 0;
				GCC_PREPROCESSOR_DEFINITIONS = (
					"DEBUG=1",
					"$(inherited)",
				);
				GCC_WARN_64_TO_32_BIT_CONVERSION = YES;
				GCC_WARN_ABOUT_RETURN_TYPE = YES_ERROR;
				GCC_WARN_UNDECLARED_SELECTOR = YES;
				GCC_WARN_UNINITIALIZED_AUTOS = YES_AGGRESSIVE;
				GCC_WARN_UNUSED_FUNCTION = YES;
				GCC_WARN_UNUSED_VARIABLE = YES;
				IPHONEOS_DEPLOYMENT_TARGET = 13.0;
				MTL_ENABLE_DEBUG_INFO = INCLUDE_SOURCE;
				MTL_FAST_MATH = YES;
				ONLY_ACTIVE_ARCH = YES;
				SDKROOT = iphoneos;
				SWIFT_ACTIVE_COMPILATION_CONDITIONS = DEBUG;
				SWIFT_OPTIMIZATION_LEVEL = "-Onone";
			};
			name = Debug;
		};
		B78B42C52346D28C00CE6937 /* Release */ = {
			isa = XCBuildConfiguration;
			buildSettings = {
				ALWAYS_SEARCH_USER_PATHS = NO;
				CLANG_ANALYZER_NONNULL = YES;
				CLANG_ANALYZER_NUMBER_OBJECT_CONVERSION = YES_AGGRESSIVE;
				CLANG_CXX_LANGUAGE_STANDARD = "gnu++14";
				CLANG_CXX_LIBRARY = "libc++";
				CLANG_ENABLE_MODULES = YES;
				CLANG_ENABLE_OBJC_ARC = YES;
				CLANG_ENABLE_OBJC_WEAK = YES;
				CLANG_WARN_BLOCK_CAPTURE_AUTORELEASING = YES;
				CLANG_WARN_BOOL_CONVERSION = YES;
				CLANG_WARN_COMMA = YES;
				CLANG_WARN_CONSTANT_CONVERSION = YES;
				CLANG_WARN_DEPRECATED_OBJC_IMPLEMENTATIONS = YES;
				CLANG_WARN_DIRECT_OBJC_ISA_USAGE = YES_ERROR;
				CLANG_WARN_DOCUMENTATION_COMMENTS = YES;
				CLANG_WARN_EMPTY_BODY = YES;
				CLANG_WARN_ENUM_CONVERSION = YES;
				CLANG_WARN_INFINITE_RECURSION = YES;
				CLANG_WARN_INT_CONVERSION = YES;
				CLANG_WARN_NON_LITERAL_NULL_CONVERSION = YES;
				CLANG_WARN_OBJC_IMPLICIT_RETAIN_SELF = YES;
				CLANG_WARN_OBJC_LITERAL_CONVERSION = YES;
				CLANG_WARN_OBJC_ROOT_CLASS = YES_ERROR;
				CLANG_WARN_RANGE_LOOP_ANALYSIS = YES;
				CLANG_WARN_STRICT_PROTOTYPES = YES;
				CLANG_WARN_SUSPICIOUS_MOVE = YES;
				CLANG_WARN_UNGUARDED_AVAILABILITY = YES_AGGRESSIVE;
				CLANG_WARN_UNREACHABLE_CODE = YES;
				CLANG_WARN__DUPLICATE_METHOD_MATCH = YES;
				COPY_PHASE_STRIP = NO;
				DEBUG_INFORMATION_FORMAT = "dwarf-with-dsym";
				ENABLE_NS_ASSERTIONS = NO;
				ENABLE_STRICT_OBJC_MSGSEND = YES;
				GCC_C_LANGUAGE_STANDARD = gnu11;
				GCC_NO_COMMON_BLOCKS = YES;
				GCC_WARN_64_TO_32_BIT_CONVERSION = YES;
				GCC_WARN_ABOUT_RETURN_TYPE = YES_ERROR;
				GCC_WARN_UNDECLARED_SELECTOR = YES;
				GCC_WARN_UNINITIALIZED_AUTOS = YES_AGGRESSIVE;
				GCC_WARN_UNUSED_FUNCTION = YES;
				GCC_WARN_UNUSED_VARIABLE = YES;
				IPHONEOS_DEPLOYMENT_TARGET = 13.0;
				MTL_ENABLE_DEBUG_INFO = NO;
				MTL_FAST_MATH = YES;
				SDKROOT = iphoneos;
				SWIFT_COMPILATION_MODE = wholemodule;
				SWIFT_OPTIMIZATION_LEVEL = "-O";
				VALIDATE_PRODUCT = YES;
			};
			name = Release;
		};
		B78B42C72346D28C00CE6937 /* Debug */ = {
			isa = XCBuildConfiguration;
			buildSettings = {
				ASSETCATALOG_COMPILER_APPICON_NAME = AppIcon;
				CODE_SIGN_STYLE = Automatic;
				DEVELOPMENT_TEAM = VL5S9LF87U;
				INFOPLIST_FILE = DataStorage/Info.plist;
				LD_RUNPATH_SEARCH_PATHS = (
					"$(inherited)",
					"@executable_path/Frameworks",
				);
				PRODUCT_BUNDLE_IDENTIFIER = edu.boisestate.DataStorage;
				PRODUCT_NAME = "$(TARGET_NAME)";
				SWIFT_VERSION = 5.0;
				TARGETED_DEVICE_FAMILY = "1,2";
			};
			name = Debug;
		};
		B78B42C82346D28C00CE6937 /* Release */ = {
			isa = XCBuildConfiguration;
			buildSettings = {
				ASSETCATALOG_COMPILER_APPICON_NAME = AppIcon;
				CODE_SIGN_STYLE = Automatic;
				DEVELOPMENT_TEAM = VL5S9LF87U;
				INFOPLIST_FILE = DataStorage/Info.plist;
				LD_RUNPATH_SEARCH_PATHS = (
					"$(inherited)",
					"@executable_path/Frameworks",
				);
				PRODUCT_BUNDLE_IDENTIFIER = edu.boisestate.DataStorage;
				PRODUCT_NAME = "$(TARGET_NAME)";
				SWIFT_VERSION = 5.0;
				TARGETED_DEVICE_FAMILY = "1,2";
			};
			name = Release;
		};
/* End XCBuildConfiguration section */

/* Begin XCConfigurationList section */
		B78B42AA2346D28A00CE6937 /* Build configuration list for PBXProject "DataStorage" */ = {
			isa = XCConfigurationList;
			buildConfigurations = (
				B78B42C42346D28C00CE6937 /* Debug */,
				B78B42C52346D28C00CE6937 /* Release */,
			);
			defaultConfigurationIsVisible = 0;
			defaultConfigurationName = Release;
		};
		B78B42C62346D28C00CE6937 /* Build configuration list for PBXNativeTarget "DataStorage" */ = {
			isa = XCConfigurationList;
			buildConfigurations = (
				B78B42C72346D28C00CE6937 /* Debug */,
				B78B42C82346D28C00CE6937 /* Release */,
			);
			defaultConfigurationIsVisible = 0;
			defaultConfigurationName = Release;
		};
/* End XCConfigurationList section */

/* Begin XCVersionGroup section */
		B78B42BB2346D28B00CE6937 /* DataStorage.xcdatamodeld */ = {
			isa = XCVersionGroup;
			children = (
				B78B42BC2346D28B00CE6937 /* DataStorage.xcdatamodel */,
			);
			currentVersion = B78B42BC2346D28B00CE6937 /* DataStorage.xcdatamodel */;
			path = DataStorage.xcdatamodeld;
			sourceTree = "<group>";
			versionGroupType = wrapper.xcdatamodel;
		};
/* End XCVersionGroup section */
	};
	rootObject = B78B42A72346D28A00CE6937 /* Project object */;
}
